{
    "version": 3,
    "terraform_version": "0.11.11",
    "serial": 71,
    "lineage": "d5bc9760-df9e-761a-2273-3f57da08afd2",
    "modules": [
        {
            "path": [
                "root"
            ],
            "outputs": {},
            "resources": {
                "aws_dms_endpoint.source-s3": {
                    "type": "aws_dms_endpoint",
                    "depends_on": [],
                    "primary": {
                        "id": "source-s3",
                        "attributes": {
                            "certificate_arn": "",
                            "endpoint_arn": "arn:aws:dms:us-east-1:198930388053:endpoint:X3VK7HJAA5VAW23R5YJ5EZ3WME",
                            "endpoint_id": "source-s3",
                            "endpoint_type": "source",
                            "engine_name": "s3",
                            "id": "source-s3",
                            "kms_key_arn": "",
                            "s3_settings.#": "1",
                            "s3_settings.0.bucket_folder": "",
                            "s3_settings.0.bucket_name": "tjds-dms-test",
                            "s3_settings.0.compression_type": "NONE",
                            "s3_settings.0.csv_delimiter": ",",
                            "s3_settings.0.csv_row_delimiter": "\\n",
                            "s3_settings.0.external_table_definition": "{\n    \"TableCount\": \"1\",\n    \"Tables\": [\n        {\n            \"TableName\": \"employee\",\n            \"TablePath\": \"tjds/employee/\",\n            \"TableOwner\": \"tjds\",\n            \"TableColumns\": [\n                {\n                    \"ColumnName\": \"LastName\",\n                    \"ColumnType\": \"STRING\",\n                    \"ColumnLength\": \"20\"\n                },\n                {\n                    \"ColumnName\": \"FirstName\",\n                    \"ColumnType\": \"STRING\",\n                    \"ColumnLength\": \"30\"\n                },\n                {\n                    \"ColumnName\": \"HireDate\",\n                    \"ColumnType\": \"DATETIME\"\n                },\n                {\n                    \"ColumnName\": \"OfficeLocation\",\n                    \"ColumnType\": \"STRING\",\n                    \"ColumnLength\": \"20\"\n                }\n            ],\n            \"TableColumnsTotal\": \"4\"\n            }\n    ]\n}",
                            "s3_settings.0.service_access_role_arn": "arn:aws:iam::198930388053:role/dms-vpc-role",
                            "ssl_mode": "none",
                            "tags.%": "1",
                            "tags.Name": "dms-source-s3-endpoint"
                        },
                        "meta": {},
                        "tainted": false
                    },
                    "deposed": [],
                    "provider": "provider.aws"
                },
                "aws_dms_endpoint.source-s3-PK": {
                    "type": "aws_dms_endpoint",
                    "depends_on": [],
                    "primary": {
                        "id": "source-s3-pk",
                        "attributes": {
                            "certificate_arn": "",
                            "endpoint_arn": "arn:aws:dms:us-east-1:198930388053:endpoint:L7PKPY62RWQQOL6GRZD6V524SY",
                            "endpoint_id": "source-s3-pk",
                            "endpoint_type": "source",
                            "engine_name": "s3",
                            "id": "source-s3-pk",
                            "kms_key_arn": "",
                            "s3_settings.#": "1",
                            "s3_settings.0.bucket_folder": "",
                            "s3_settings.0.bucket_name": "tjds-dms-test",
                            "s3_settings.0.compression_type": "NONE",
                            "s3_settings.0.csv_delimiter": ",",
                            "s3_settings.0.csv_row_delimiter": "\\n",
                            "s3_settings.0.external_table_definition": "{\n    \"TableCount\": \"1\",\n    \"Tables\": [\n        {\n            \"TableName\": \"employee\",\n            \"TablePath\": \"tjds/employee/\",\n            \"TableOwner\": \"tjds\",\n            \"TableColumns\": [\n                {\n                    \"ColumnName\": \"LastName\",\n                    \"ColumnType\": \"STRING\",\n                    \"ColumnLength\": \"20\"\n                },\n                {\n                    \"ColumnName\": \"FirstName\",\n                    \"ColumnType\": \"STRING\",\n                    \"ColumnLength\": \"30\"\n                },\n                {\n                    \"ColumnName\": \"HireDate\",\n                    \"ColumnType\": \"DATETIME\"\n                },\n                {\n                    \"ColumnName\": \"OfficeLocation\",\n                    \"ColumnType\": \"STRING\",\n                    \"ColumnLength\": \"20\"\n                }\n            ],\n            \"TableColumnsTotal\": \"4\"\n            }\n    ]\n}",
                            "s3_settings.0.service_access_role_arn": "arn:aws:iam::198930388053:role/dms-vpc-role",
                            "ssl_mode": "none",
                            "tags.%": "1",
                            "tags.Name": "dms-source-s3-endpoint"
                        },
                        "meta": {},
                        "tainted": false
                    },
                    "deposed": [],
                    "provider": "provider.aws"
                },
                "aws_dms_endpoint.source-s3-userinfotest": {
                    "type": "aws_dms_endpoint",
                    "depends_on": [],
                    "primary": {
                        "id": "source-s3-userinfotest",
                        "attributes": {
                            "certificate_arn": "",
                            "endpoint_arn": "arn:aws:dms:us-east-1:198930388053:endpoint:JTOU73ESKSAQDO76RYKQMZ6RMY",
                            "endpoint_id": "source-s3-userinfotest",
                            "endpoint_type": "source",
                            "engine_name": "s3",
                            "id": "source-s3-userinfotest",
                            "kms_key_arn": "",
                            "s3_settings.#": "1",
                            "s3_settings.0.bucket_folder": "",
                            "s3_settings.0.bucket_name": "tjds-dms-test",
                            "s3_settings.0.compression_type": "NONE",
                            "s3_settings.0.csv_delimiter": ",",
                            "s3_settings.0.csv_row_delimiter": "\\n",
                            "s3_settings.0.external_table_definition": "{\n    \"TableCount\": \"1\",\n    \"Tables\": [\n        {\n            \"TableName\": \"user_info_test\",\n            \"TablePath\": \"tjds/user_info_test/\",\n            \"TableOwner\": \"tjds\",\n            \"TableColumns\": [\n                {\n                    \"ColumnType\": \"STRING\",\n                    \"ColumnLength\": \"50\",\n                    \"ColumnName\": \"IDT_SAFEPAY_USER_REFERENCIA\"\n                },\n                {\n                    \"ColumnType\": \"STRING\",\n                    \"ColumnLength\": \"50\",\n                    \"ColumnName\": \"DOCUMENTO\"\n                },\n                {\n                    \"ColumnType\": \"STRING\",\n                    \"ColumnLength\": \"50\",\n                    \"ColumnName\": \"TIPO_PESSOA\"\n                },\n                {\n                    \"ColumnType\": \"STRING\",\n                    \"ColumnLength\": \"50\",\n                    \"ColumnName\": \"ANOMES\"\n                },\n                {\n                    \"ColumnType\": \"STRING\",\n                    \"ColumnLength\": \"50\",\n                    \"ColumnName\": \"TPV_TEF_TOTAL\"\n                },\n                {\n                    \"ColumnType\": \"STRING\",\n                    \"ColumnLength\": \"50\",\n                    \"ColumnName\": \"TPV_MOBILE_TOTAL\"\n                },\n                {\n                    \"ColumnType\": \"STRING\",\n                    \"ColumnLength\": \"50\",\n                    \"ColumnName\": \"TPV_WEB_TOTAL\"\n                },\n                {\n                    \"ColumnType\": \"STRING\",\n                    \"ColumnLength\": \"50\",\n                    \"ColumnName\": \"IDT_SAFEUSER_CONFIG_DEF\"\n                },\n                {\n                    \"ColumnType\": \"STRING\",\n                    \"ColumnLength\": \"50\",\n                    \"ColumnName\": \"QTD_DIAS_TRANSACIONADOS\"\n                },\n                {\n                    \"ColumnType\": \"STRING\",\n                    \"ColumnLength\": \"50\",\n                    \"ColumnName\": \"QTD_TRANSACOES_TEF\"\n                },\n                {\n                    \"ColumnType\": \"STRING\",\n                    \"ColumnLength\": \"50\",\n                    \"ColumnName\": \"QTD_TRANSACOES_MOBILE\"\n                },\n                {\n                    \"ColumnType\": \"STRING\",\n                    \"ColumnLength\": \"50\",\n                    \"ColumnName\": \"QTD_TRANSACOES_WEB\"\n                },\n                {\n                    \"ColumnType\": \"STRING\",\n                    \"ColumnLength\": \"50\",\n                    \"ColumnName\": \"QTD_TRANSACOES_PARC_TEF\"\n                },\n                {\n                    \"ColumnType\": \"STRING\",\n                    \"ColumnLength\": \"50\",\n                    \"ColumnName\": \"QTD_TRANSACOES_PARC_MOBILE\"\n                },\n                {\n                    \"ColumnType\": \"STRING\",\n                    \"ColumnLength\": \"50\",\n                    \"ColumnName\": \"QTD_TRANSACOES_PARC_WEB\"\n                },\n                {\n                    \"ColumnType\": \"STRING\",\n                    \"ColumnLength\": \"50\",\n                    \"ColumnName\": \"TPV_PARCELADO_TEF\"\n                },\n                {\n                    \"ColumnType\": \"STRING\",\n                    \"ColumnLength\": \"50\",\n                    \"ColumnName\": \"TPV_PARCELADO_MOBILE\"\n                },\n                {\n                    \"ColumnType\": \"STRING\",\n                    \"ColumnLength\": \"50\",\n                    \"ColumnName\": \"TPV_PARCELADO_WEB\"\n                },\n                {\n                    \"ColumnType\": \"STRING\",\n                    \"ColumnLength\": \"50\",\n                    \"ColumnName\": \"VALOR_ANTECIPADO\"\n                },\n                {\n                    \"ColumnType\": \"STRING\",\n                    \"ColumnLength\": \"50\",\n                    \"ColumnName\": \"QTD_DE_ANTECIPACOES\"\n                },\n                {\n                    \"ColumnType\": \"STRING\",\n                    \"ColumnLength\": \"50\",\n                    \"ColumnName\": \"FLAG_CHARGEBACK\"\n                },\n                {\n                    \"ColumnType\": \"STRING\",\n                    \"ColumnLength\": \"50\",\n                    \"ColumnName\": \"VALOR_CHARGEBACK\"\n                },\n                {\n                    \"ColumnType\": \"STRING\",\n                    \"ColumnLength\": \"50\",\n                    \"ColumnName\": \"QTD_CHARGEBACK\"\n                },\n                {\n                    \"ColumnType\": \"STRING\",\n                    \"ColumnLength\": \"50\",\n                    \"ColumnName\": \"CATEGORIA\"\n                },\n                {\n                    \"ColumnType\": \"STRING\",\n                    \"ColumnLength\": \"50\",\n                    \"ColumnName\": \"CODIGO_DO_MCC\"\n                },\n                {\n                    \"ColumnType\": \"STRING\",\n                    \"ColumnLength\": \"50\",\n                    \"ColumnName\": \"NOME_DO_MCC\"\n                },\n                {\n                    \"ColumnType\": \"STRING\",\n                    \"ColumnLength\": \"50\",\n                    \"ColumnName\": \"UF_DO_CLIENTE\"\n                },\n                {\n                    \"ColumnType\": \"STRING\",\n                    \"ColumnLength\": \"50\",\n                    \"ColumnName\": \"SEXO\"\n                },\n                {\n                    \"ColumnType\": \"STRING\",\n                    \"ColumnLength\": \"50\",\n                    \"ColumnName\": \"VERIFICACAO_DA_CONTA\"\n                },\n                {\n                    \"ColumnType\": \"STRING\",\n                    \"ColumnLength\": \"50\",\n                    \"ColumnName\": \"TEMPO_CADASTRO\"\n                },\n                {\n                    \"ColumnType\": \"STRING\",\n                    \"ColumnLength\": \"50\",\n                    \"ColumnName\": \"TEMPO_CONTA\"\n                },\n                {\n                    \"ColumnType\": \"STRING\",\n                    \"ColumnLength\": \"50\",\n                    \"ColumnName\": \"ESCROW_WEB\"\n                },\n                {\n                    \"ColumnType\": \"STRING\",\n                    \"ColumnLength\": \"50\",\n                    \"ColumnName\": \"ESCROW_MOBILE\"\n                },\n                {\n                    \"ColumnType\": \"STRING\",\n                    \"ColumnLength\": \"50\",\n                    \"ColumnName\": \"FLAG_POSSUI_PRE_PAGO\"\n                },\n                {\n                    \"ColumnType\": \"STRING\",\n                    \"ColumnLength\": \"50\",\n                    \"ColumnName\": \"FLAG_DESBLOQ_PRE_PAGO\"\n                },\n                {\n                    \"ColumnType\": \"STRING\",\n                    \"ColumnLength\": \"50\",\n                    \"ColumnName\": \"FLAG_TRANSF_AUTM_PRE_PAGO\"\n                },\n                {\n                    \"ColumnType\": \"STRING\",\n                    \"ColumnLength\": \"50\",\n                    \"ColumnName\": \"QTD_RECARGAS_PRE_PAGO\"\n                },\n                {\n                    \"ColumnType\": \"STRING\",\n                    \"ColumnLength\": \"50\",\n                    \"ColumnName\": \"VALOR_RECARGAS_PRE_PAGO\"\n                },\n                {\n                    \"ColumnType\": \"STRING\",\n                    \"ColumnLength\": \"50\",\n                    \"ColumnName\": \"NOME_COMPLETO\"\n                },\n                {\n                    \"ColumnType\": \"STRING\",\n                    \"ColumnLength\": \"50\",\n                    \"ColumnName\": \"FLAG_BLACKLIST_EC\"\n                },\n                {\n                    \"ColumnType\": \"STRING\",\n                    \"ColumnLength\": \"50\",\n                    \"ColumnName\": \"DATA_NASCIMENTO\"\n                },\n                {\n                    \"ColumnType\": \"STRING\",\n                    \"ColumnLength\": \"50\",\n                    \"ColumnName\": \"FLAG_BLACKLIST_CC\"\n                },\n                {\n                    \"ColumnType\": \"STRING\",\n                    \"ColumnLength\": \"50\",\n                    \"ColumnName\": \"CARTEIRA\"\n                },\n                {\n                    \"ColumnType\": \"STRING\",\n                    \"ColumnLength\": \"50\",\n                    \"ColumnName\": \"QTD_LEITORES\"\n                },\n                {\n                    \"ColumnType\": \"STRING\",\n                    \"ColumnLength\": \"50\",\n                    \"ColumnName\": \"QTD_LEITORES_ATIVOS\"\n                }\n            ],\n            \"TableColumnsTotal\": 45\n        }\n    ]\n}",
                            "s3_settings.0.service_access_role_arn": "arn:aws:iam::198930388053:role/dms-vpc-role",
                            "ssl_mode": "none",
                            "tags.%": "1",
                            "tags.Name": "dms-source-s3-endpoint-userinfotest"
                        },
                        "meta": {},
                        "tainted": false
                    },
                    "deposed": [],
                    "provider": "provider.aws"
                },
                "aws_dms_endpoint.target-rds": {
                    "type": "aws_dms_endpoint",
                    "depends_on": [],
                    "primary": {
                        "id": "target-rds",
                        "attributes": {
                            "certificate_arn": "",
                            "database_name": "tjds",
                            "endpoint_arn": "arn:aws:dms:us-east-1:198930388053:endpoint:J6FVTFFDWYSYUGVRUUIRDFH2OE",
                            "endpoint_id": "target-rds",
                            "endpoint_type": "target",
                            "engine_name": "postgres",
                            "extra_connection_attributes": "",
                            "id": "target-rds",
                            "kms_key_arn": "arn:aws:kms:us-east-1:198930388053:key/49b4d0ce-db4f-4390-9ecd-fc9629952b08",
                            "password": "tjds4242",
                            "port": "5432",
                            "server_name": "tjds-dms-rds.cv9j8wfjwsad.us-east-1.rds.amazonaws.com",
                            "ssl_mode": "none",
                            "tags.%": "1",
                            "tags.Name": "dms-target-rds-endpoint",
                            "username": "tjds"
                        },
                        "meta": {},
                        "tainted": false
                    },
                    "deposed": [],
                    "provider": "provider.aws"
                },
                "aws_dms_replication_instance.dms-micro": {
                    "type": "aws_dms_replication_instance",
                    "depends_on": [
                        "aws_dms_replication_subnet_group.dms-subnet-group"
                    ],
                    "primary": {
                        "id": "dms-micro",
                        "attributes": {
                            "allocated_storage": "20",
                            "apply_immediately": "true",
                            "auto_minor_version_upgrade": "true",
                            "availability_zone": "us-east-1a",
                            "engine_version": "3.1.3",
                            "id": "dms-micro",
                            "kms_key_arn": "arn:aws:kms:us-east-1:198930388053:key/49b4d0ce-db4f-4390-9ecd-fc9629952b08",
                            "multi_az": "false",
                            "preferred_maintenance_window": "sun:10:30-sun:14:30",
                            "publicly_accessible": "true",
                            "replication_instance_arn": "arn:aws:dms:us-east-1:198930388053:rep:RNDLBXMGNDPBAVHS3D3FNTVQXI",
                            "replication_instance_class": "dms.t2.micro",
                            "replication_instance_id": "dms-micro",
                            "replication_instance_private_ips.#": "1",
                            "replication_instance_private_ips.0": "192.168.20.167",
                            "replication_instance_public_ips.#": "1",
                            "replication_instance_public_ips.0": "3.220.170.177",
                            "replication_subnet_group_id": "test-dms-replication-subnet-group-tf",
                            "tags.%": "1",
                            "tags.Name": "dms-micro",
                            "vpc_security_group_ids.#": "1",
                            "vpc_security_group_ids.1007248296": "sg-0fdc1659504ea76d5"
                        },
                        "meta": {
                            "e2bfb730-ecaa-11e6-8f88-34363bc7c4c0": {
                                "create": 1800000000000,
                                "delete": 1800000000000,
                                "update": 1800000000000
                            }
                        },
                        "tainted": false
                    },
                    "deposed": [],
                    "provider": "provider.aws"
                },
                "aws_dms_replication_subnet_group.dms-subnet-group": {
                    "type": "aws_dms_replication_subnet_group",
                    "depends_on": [
                        "aws_subnet.public_subnet.*"
                    ],
                    "primary": {
                        "id": "test-dms-replication-subnet-group-tf",
                        "attributes": {
                            "id": "test-dms-replication-subnet-group-tf",
                            "replication_subnet_group_arn": "arn:aws:dms:us-east-1:198930388053:subgrp:test-dms-replication-subnet-group-tf",
                            "replication_subnet_group_description": "Test replication subnet group",
                            "replication_subnet_group_id": "test-dms-replication-subnet-group-tf",
                            "subnet_ids.#": "3",
                            "subnet_ids.1663866623": "subnet-085b0c0b323517912",
                            "subnet_ids.2203255806": "subnet-066dbed668b49a619",
                            "subnet_ids.3707537234": "subnet-01f95b0788d53ae66",
                            "tags.%": "1",
                            "tags.Name": "dms-subnet-group",
                            "vpc_id": "vpc-08b50a64ea2077cee"
                        },
                        "meta": {},
                        "tainted": false
                    },
                    "deposed": [],
                    "provider": "provider.aws"
                },
                "aws_dms_replication_task.employee-migration": {
                    "type": "aws_dms_replication_task",
                    "depends_on": [
                        "aws_dms_endpoint.source-s3",
                        "aws_dms_endpoint.target-rds",
                        "aws_dms_replication_instance.dms-micro"
                    ],
                    "primary": {
                        "id": "employee-migration",
                        "attributes": {
                            "id": "employee-migration",
                            "migration_type": "full-load",
                            "replication_instance_arn": "arn:aws:dms:us-east-1:198930388053:rep:RNDLBXMGNDPBAVHS3D3FNTVQXI",
                            "replication_task_arn": "arn:aws:dms:us-east-1:198930388053:task:QFYTAXO3G4723QBIOFMTV4GFEY",
                            "replication_task_id": "employee-migration",
                            "replication_task_settings": "{\"TargetMetadata\":{\"TargetSchema\":\"tjds\",\"SupportLobs\":true,\"FullLobMode\":false,\"LobChunkSize\":64,\"LimitedSizeLobMode\":true,\"LobMaxSize\":32,\"InlineLobMaxSize\":0,\"LoadMaxFileSize\":0,\"ParallelLoadThreads\":0,\"ParallelLoadBufferSize\":0,\"BatchApplyEnabled\":true,\"TaskRecoveryTableEnabled\":false},\"FullLoadSettings\":{\"TargetTablePrepMode\":\"DO_NOTHING\",\"CreatePkAfterFullLoad\":false,\"StopTaskCachedChangesApplied\":false,\"StopTaskCachedChangesNotApplied\":false,\"MaxFullLoadSubTasks\":2,\"TransactionConsistencyTimeout\":600,\"CommitRate\":10000},\"Logging\":{\"EnableLogging\":true,\"LogComponents\":[{\"Id\":\"SOURCE_UNLOAD\",\"Severity\":\"LOGGER_SEVERITY_DEFAULT\"},{\"Id\":\"TARGET_LOAD\",\"Severity\":\"LOGGER_SEVERITY_DEBUG\"},{\"Id\":\"SOURCE_CAPTURE\",\"Severity\":\"LOGGER_SEVERITY_DEFAULT\"},{\"Id\":\"TARGET_APPLY\",\"Severity\":\"LOGGER_SEVERITY_DETAILED_DEBUG\"},{\"Id\":\"TASK_MANAGER\",\"Severity\":\"LOGGER_SEVERITY_DEBUG\"}],\"CloudWatchLogGroup\":\"dms-tasks-dms-micro\",\"CloudWatchLogStream\":\"dms-task-QFYTAXO3G4723QBIOFMTV4GFEY\"},\"ControlTablesSettings\":{\"historyTimeslotInMinutes\":5,\"ControlSchema\":\"\",\"HistoryTimeslotInMinutes\":5,\"HistoryTableEnabled\":false,\"SuspendedTablesTableEnabled\":false,\"StatusTableEnabled\":false},\"StreamBufferSettings\":{\"StreamBufferCount\":3,\"StreamBufferSizeInMB\":8,\"CtrlStreamBufferSizeInMB\":5},\"ChangeProcessingDdlHandlingPolicy\":{\"HandleSourceTableDropped\":true,\"HandleSourceTableTruncated\":true,\"HandleSourceTableAltered\":true},\"ErrorBehavior\":{\"DataErrorPolicy\":\"LOG_ERROR\",\"DataTruncationErrorPolicy\":\"LOG_ERROR\",\"DataErrorEscalationPolicy\":\"SUSPEND_TABLE\",\"DataErrorEscalationCount\":50,\"TableErrorPolicy\":\"SUSPEND_TABLE\",\"TableErrorEscalationPolicy\":\"STOP_TASK\",\"TableErrorEscalationCount\":50,\"RecoverableErrorCount\":0,\"RecoverableErrorInterval\":5,\"RecoverableErrorThrottling\":true,\"RecoverableErrorThrottlingMax\":1800,\"ApplyErrorDeletePolicy\":\"IGNORE_RECORD\",\"ApplyErrorInsertPolicy\":\"LOG_ERROR\",\"ApplyErrorUpdatePolicy\":\"LOG_ERROR\",\"ApplyErrorEscalationPolicy\":\"LOG_ERROR\",\"ApplyErrorEscalationCount\":0,\"ApplyErrorFailOnTruncationDdl\":false,\"FullLoadIgnoreConflicts\":true,\"FailOnTransactionConsistencyBreached\":false,\"FailOnNoTablesCaptured\":false},\"ChangeProcessingTuning\":{\"BatchApplyPreserveTransaction\":true,\"BatchApplyTimeoutMin\":1,\"BatchApplyTimeoutMax\":30,\"BatchApplyMemoryLimit\":500,\"BatchSplitSize\":0,\"MinTransactionSize\":1000,\"CommitTimeout\":1,\"MemoryLimitTotal\":1024,\"MemoryKeepTime\":60,\"StatementCacheSize\":50},\"PostProcessingRules\":null,\"CharacterSetSettings\":null,\"LoopbackPreventionSettings\":null}",
                            "source_endpoint_arn": "arn:aws:dms:us-east-1:198930388053:endpoint:X3VK7HJAA5VAW23R5YJ5EZ3WME",
                            "table_mappings": "{\n    \"rules\": [\n        {\n            \"rule-type\": \"selection\",\n            \"rule-id\": \"1\",\n            \"rule-name\": \"1\",\n            \"object-locator\": {\n                \"schema-name\": \"tjds\",\n                \"table-name\": \"employee\"\n            },\n            \"rule-action\": \"include\",\n            \"filters\": []\n        },\n        {\n            \"rule-type\": \"transformation\",\n            \"rule-id\": \"2\",\n            \"rule-name\": \"2\",\n            \"rule-action\": \"define-primary-key\",\n            \"rule-target\": \"table\",\n            \"object-locator\": {\n                \"schema-name\": \"tjds\",\n                \"table-name\": \"employee\"\n            },\n            \"primary-key-def\": {\n                \"name\": \"employee_pkey\",\n                \"columns\": [\n                    \"id\"\n                ]\n            }\n        }\n    ]\n}",
                            "tags.%": "1",
                            "tags.Name": "employee-migration",
                            "target_endpoint_arn": "arn:aws:dms:us-east-1:198930388053:endpoint:J6FVTFFDWYSYUGVRUUIRDFH2OE"
                        },
                        "meta": {},
                        "tainted": false
                    },
                    "deposed": [],
                    "provider": "provider.aws"
                },
                "aws_iam_role.dms-access-for-endpoint": {
                    "type": "aws_iam_role",
                    "depends_on": [
                        "data.aws_iam_policy_document.dms_assume_role"
                    ],
                    "primary": {
                        "id": "dms-access-for-endpoint",
                        "attributes": {
                            "arn": "arn:aws:iam::198930388053:role/dms-access-for-endpoint",
                            "assume_role_policy": "{\"Version\":\"2012-10-17\",\"Statement\":[{\"Sid\":\"\",\"Effect\":\"Allow\",\"Principal\":{\"Service\":\"dms.amazonaws.com\"},\"Action\":\"sts:AssumeRole\"}]}",
                            "create_date": "2019-07-12T02:49:51Z",
                            "description": "",
                            "force_detach_policies": "false",
                            "id": "dms-access-for-endpoint",
                            "max_session_duration": "3600",
                            "name": "dms-access-for-endpoint",
                            "path": "/",
                            "tags.%": "0",
                            "unique_id": "AROAS4UJM2RK2DCFA6ZLF"
                        },
                        "meta": {},
                        "tainted": false
                    },
                    "deposed": [],
                    "provider": "provider.aws"
                },
                "aws_iam_role.dms-cloudwatch-logs-role": {
                    "type": "aws_iam_role",
                    "depends_on": [
                        "data.aws_iam_policy_document.dms_assume_role"
                    ],
                    "primary": {
                        "id": "dms-cloudwatch-logs-role",
                        "attributes": {
                            "arn": "arn:aws:iam::198930388053:role/dms-cloudwatch-logs-role",
                            "assume_role_policy": "{\"Version\":\"2012-10-17\",\"Statement\":[{\"Sid\":\"\",\"Effect\":\"Allow\",\"Principal\":{\"Service\":\"dms.amazonaws.com\"},\"Action\":\"sts:AssumeRole\"}]}",
                            "create_date": "2019-07-12T02:49:52Z",
                            "description": "",
                            "force_detach_policies": "false",
                            "id": "dms-cloudwatch-logs-role",
                            "max_session_duration": "3600",
                            "name": "dms-cloudwatch-logs-role",
                            "path": "/",
                            "tags.%": "0",
                            "unique_id": "AROAS4UJM2RKSCTO6FHV7"
                        },
                        "meta": {},
                        "tainted": false
                    },
                    "deposed": [],
                    "provider": "provider.aws"
                },
                "aws_iam_role.dms-vpc-role": {
                    "type": "aws_iam_role",
                    "depends_on": [
                        "data.aws_iam_policy_document.dms_assume_role"
                    ],
                    "primary": {
                        "id": "dms-vpc-role",
                        "attributes": {
                            "arn": "arn:aws:iam::198930388053:role/dms-vpc-role",
                            "assume_role_policy": "{\"Version\":\"2012-10-17\",\"Statement\":[{\"Sid\":\"\",\"Effect\":\"Allow\",\"Principal\":{\"Service\":\"dms.amazonaws.com\"},\"Action\":\"sts:AssumeRole\"}]}",
                            "create_date": "2019-07-12T02:49:51Z",
                            "description": "",
                            "force_detach_policies": "false",
                            "id": "dms-vpc-role",
                            "max_session_duration": "3600",
                            "name": "dms-vpc-role",
                            "path": "/",
                            "tags.%": "0",
                            "unique_id": "AROAS4UJM2RKYZAFESYK2"
                        },
                        "meta": {},
                        "tainted": false
                    },
                    "deposed": [],
                    "provider": "provider.aws"
                },
                "aws_iam_role_policy_attachment.dms-access-for-endpoint-AmazonDMSRedshiftS3Role": {
                    "type": "aws_iam_role_policy_attachment",
                    "depends_on": [
                        "aws_iam_role.dms-access-for-endpoint"
                    ],
                    "primary": {
                        "id": "dms-access-for-endpoint-20190712024729511600000004",
                        "attributes": {
                            "id": "dms-access-for-endpoint-20190712024729511600000004",
                            "policy_arn": "arn:aws:iam::aws:policy/service-role/AmazonDMSRedshiftS3Role",
                            "role": "dms-access-for-endpoint"
                        },
                        "meta": {},
                        "tainted": false
                    },
                    "deposed": [],
                    "provider": "provider.aws"
                },
                "aws_iam_role_policy_attachment.dms-cloudwatch-logs-role-AmazonDMSCloudWatchLogsRole": {
                    "type": "aws_iam_role_policy_attachment",
                    "depends_on": [
                        "aws_iam_role.dms-cloudwatch-logs-role"
                    ],
                    "primary": {
                        "id": "dms-cloudwatch-logs-role-20190712024729448800000002",
                        "attributes": {
                            "id": "dms-cloudwatch-logs-role-20190712024729448800000002",
                            "policy_arn": "arn:aws:iam::aws:policy/service-role/AmazonDMSCloudWatchLogsRole",
                            "role": "dms-cloudwatch-logs-role"
                        },
                        "meta": {},
                        "tainted": false
                    },
                    "deposed": [],
                    "provider": "provider.aws"
                },
                "aws_iam_role_policy_attachment.dms-vpc-role-AmazonDMSVPCManagementRole": {
                    "type": "aws_iam_role_policy_attachment",
                    "depends_on": [
                        "aws_iam_role.dms-vpc-role"
                    ],
                    "primary": {
                        "id": "dms-vpc-role-20190712024729456600000003",
                        "attributes": {
                            "id": "dms-vpc-role-20190712024729456600000003",
                            "policy_arn": "arn:aws:iam::aws:policy/service-role/AmazonDMSVPCManagementRole",
                            "role": "dms-vpc-role"
                        },
                        "meta": {},
                        "tainted": false
                    },
                    "deposed": [],
                    "provider": "provider.aws"
                },
                "aws_internet_gateway.igw": {
                    "type": "aws_internet_gateway",
                    "depends_on": [
                        "aws_vpc.main"
                    ],
                    "primary": {
                        "id": "igw-0c0b3e3147ec041bf",
                        "attributes": {
                            "id": "igw-0c0b3e3147ec041bf",
                            "owner_id": "198930388053",
                            "tags.%": "0",
                            "vpc_id": "vpc-08b50a64ea2077cee"
                        },
                        "meta": {},
                        "tainted": false
                    },
                    "deposed": [],
                    "provider": "provider.aws"
                },
                "aws_route_table.route_igw": {
                    "type": "aws_route_table",
                    "depends_on": [
                        "aws_internet_gateway.igw",
                        "aws_vpc.main"
                    ],
                    "primary": {
                        "id": "rtb-0fb4ba764090d3cbe",
                        "attributes": {
                            "id": "rtb-0fb4ba764090d3cbe",
                            "owner_id": "198930388053",
                            "propagating_vgws.#": "0",
                            "route.#": "1",
                            "route.2069135828.cidr_block": "0.0.0.0/0",
                            "route.2069135828.egress_only_gateway_id": "",
                            "route.2069135828.gateway_id": "igw-0c0b3e3147ec041bf",
                            "route.2069135828.instance_id": "",
                            "route.2069135828.ipv6_cidr_block": "",
                            "route.2069135828.nat_gateway_id": "",
                            "route.2069135828.network_interface_id": "",
                            "route.2069135828.transit_gateway_id": "",
                            "route.2069135828.vpc_peering_connection_id": "",
                            "tags.%": "0",
                            "vpc_id": "vpc-08b50a64ea2077cee"
                        },
                        "meta": {},
                        "tainted": false
                    },
                    "deposed": [],
                    "provider": "provider.aws"
                },
                "aws_route_table_association.route_table_association.0": {
                    "type": "aws_route_table_association",
                    "depends_on": [
                        "aws_route_table.route_igw",
                        "aws_subnet.public_subnet.*"
                    ],
                    "primary": {
                        "id": "rtbassoc-0237cea90c20894c9",
                        "attributes": {
                            "id": "rtbassoc-0237cea90c20894c9",
                            "route_table_id": "rtb-0fb4ba764090d3cbe",
                            "subnet_id": "subnet-085b0c0b323517912"
                        },
                        "meta": {},
                        "tainted": false
                    },
                    "deposed": [],
                    "provider": "provider.aws"
                },
                "aws_route_table_association.route_table_association.1": {
                    "type": "aws_route_table_association",
                    "depends_on": [
                        "aws_route_table.route_igw",
                        "aws_subnet.public_subnet.*"
                    ],
                    "primary": {
                        "id": "rtbassoc-0ab59bc519c12b654",
                        "attributes": {
                            "id": "rtbassoc-0ab59bc519c12b654",
                            "route_table_id": "rtb-0fb4ba764090d3cbe",
                            "subnet_id": "subnet-066dbed668b49a619"
                        },
                        "meta": {},
                        "tainted": false
                    },
                    "deposed": [],
                    "provider": "provider.aws"
                },
                "aws_route_table_association.route_table_association.2": {
                    "type": "aws_route_table_association",
                    "depends_on": [
                        "aws_route_table.route_igw",
                        "aws_subnet.public_subnet.*"
                    ],
                    "primary": {
                        "id": "rtbassoc-0d05029b5107b4db9",
                        "attributes": {
                            "id": "rtbassoc-0d05029b5107b4db9",
                            "route_table_id": "rtb-0fb4ba764090d3cbe",
                            "subnet_id": "subnet-01f95b0788d53ae66"
                        },
                        "meta": {},
                        "tainted": false
                    },
                    "deposed": [],
                    "provider": "provider.aws"
                },
                "aws_security_group.database": {
                    "type": "aws_security_group",
                    "depends_on": [
                        "aws_vpc.main"
                    ],
                    "primary": {
                        "id": "sg-0881440ca72a75ce0",
                        "attributes": {
                            "arn": "arn:aws:ec2:us-east-1:198930388053:security-group/sg-0881440ca72a75ce0",
                            "description": "Managed by Terraform",
                            "egress.#": "1",
                            "egress.482069346.cidr_blocks.#": "1",
                            "egress.482069346.cidr_blocks.0": "0.0.0.0/0",
                            "egress.482069346.description": "",
                            "egress.482069346.from_port": "0",
                            "egress.482069346.ipv6_cidr_blocks.#": "0",
                            "egress.482069346.prefix_list_ids.#": "0",
                            "egress.482069346.protocol": "-1",
                            "egress.482069346.security_groups.#": "0",
                            "egress.482069346.self": "false",
                            "egress.482069346.to_port": "0",
                            "id": "sg-0881440ca72a75ce0",
                            "ingress.#": "1",
                            "ingress.2510676008.cidr_blocks.#": "1",
                            "ingress.2510676008.cidr_blocks.0": "0.0.0.0/0",
                            "ingress.2510676008.description": "",
                            "ingress.2510676008.from_port": "0",
                            "ingress.2510676008.ipv6_cidr_blocks.#": "0",
                            "ingress.2510676008.prefix_list_ids.#": "0",
                            "ingress.2510676008.protocol": "-1",
                            "ingress.2510676008.security_groups.#": "0",
                            "ingress.2510676008.self": "true",
                            "ingress.2510676008.to_port": "0",
                            "name": "rds_database",
                            "owner_id": "198930388053",
                            "revoke_rules_on_delete": "false",
                            "tags.%": "0",
                            "vpc_id": "vpc-08b50a64ea2077cee"
                        },
                        "meta": {
                            "e2bfb730-ecaa-11e6-8f88-34363bc7c4c0": {
                                "create": 600000000000,
                                "delete": 600000000000
                            },
                            "schema_version": "1"
                        },
                        "tainted": false
                    },
                    "deposed": [],
                    "provider": "provider.aws"
                },
                "aws_subnet.public_subnet.0": {
                    "type": "aws_subnet",
                    "depends_on": [
                        "aws_vpc.main"
                    ],
                    "primary": {
                        "id": "subnet-085b0c0b323517912",
                        "attributes": {
                            "arn": "arn:aws:ec2:us-east-1:198930388053:subnet/subnet-085b0c0b323517912",
                            "assign_ipv6_address_on_creation": "false",
                            "availability_zone": "us-east-1a",
                            "availability_zone_id": "use1-az2",
                            "cidr_block": "192.168.20.0/24",
                            "id": "subnet-085b0c0b323517912",
                            "ipv6_cidr_block": "",
                            "ipv6_cidr_block_association_id": "",
                            "map_public_ip_on_launch": "true",
                            "owner_id": "198930388053",
                            "tags.%": "1",
                            "tags.Name": "dms_public_subnet_0",
                            "vpc_id": "vpc-08b50a64ea2077cee"
                        },
                        "meta": {
                            "e2bfb730-ecaa-11e6-8f88-34363bc7c4c0": {
                                "create": 600000000000,
                                "delete": 600000000000
                            },
                            "schema_version": "1"
                        },
                        "tainted": false
                    },
                    "deposed": [],
                    "provider": "provider.aws"
                },
                "aws_subnet.public_subnet.1": {
                    "type": "aws_subnet",
                    "depends_on": [
                        "aws_vpc.main"
                    ],
                    "primary": {
                        "id": "subnet-066dbed668b49a619",
                        "attributes": {
                            "arn": "arn:aws:ec2:us-east-1:198930388053:subnet/subnet-066dbed668b49a619",
                            "assign_ipv6_address_on_creation": "false",
                            "availability_zone": "us-east-1b",
                            "availability_zone_id": "use1-az4",
                            "cidr_block": "192.168.21.0/24",
                            "id": "subnet-066dbed668b49a619",
                            "ipv6_cidr_block": "",
                            "ipv6_cidr_block_association_id": "",
                            "map_public_ip_on_launch": "true",
                            "owner_id": "198930388053",
                            "tags.%": "1",
                            "tags.Name": "dms_public_subnet_1",
                            "vpc_id": "vpc-08b50a64ea2077cee"
                        },
                        "meta": {
                            "e2bfb730-ecaa-11e6-8f88-34363bc7c4c0": {
                                "create": 600000000000,
                                "delete": 600000000000
                            },
                            "schema_version": "1"
                        },
                        "tainted": false
                    },
                    "deposed": [],
                    "provider": "provider.aws"
                },
                "aws_subnet.public_subnet.2": {
                    "type": "aws_subnet",
                    "depends_on": [
                        "aws_vpc.main"
                    ],
                    "primary": {
                        "id": "subnet-01f95b0788d53ae66",
                        "attributes": {
                            "arn": "arn:aws:ec2:us-east-1:198930388053:subnet/subnet-01f95b0788d53ae66",
                            "assign_ipv6_address_on_creation": "false",
                            "availability_zone": "us-east-1c",
                            "availability_zone_id": "use1-az6",
                            "cidr_block": "192.168.22.0/24",
                            "id": "subnet-01f95b0788d53ae66",
                            "ipv6_cidr_block": "",
                            "ipv6_cidr_block_association_id": "",
                            "map_public_ip_on_launch": "true",
                            "owner_id": "198930388053",
                            "tags.%": "1",
                            "tags.Name": "dms_public_subnet_2",
                            "vpc_id": "vpc-08b50a64ea2077cee"
                        },
                        "meta": {
                            "e2bfb730-ecaa-11e6-8f88-34363bc7c4c0": {
                                "create": 600000000000,
                                "delete": 600000000000
                            },
                            "schema_version": "1"
                        },
                        "tainted": false
                    },
                    "deposed": [],
                    "provider": "provider.aws"
                },
                "aws_vpc.main": {
                    "type": "aws_vpc",
                    "depends_on": [],
                    "primary": {
                        "id": "vpc-08b50a64ea2077cee",
                        "attributes": {
                            "arn": "arn:aws:ec2:us-east-1:198930388053:vpc/vpc-08b50a64ea2077cee",
                            "assign_generated_ipv6_cidr_block": "false",
                            "cidr_block": "192.168.0.0/16",
                            "default_network_acl_id": "acl-04b5812bca9170207",
                            "default_route_table_id": "rtb-0a4643f2524e6e4ac",
                            "default_security_group_id": "sg-0fdc1659504ea76d5",
                            "dhcp_options_id": "dopt-6d444016",
                            "enable_classiclink": "false",
                            "enable_classiclink_dns_support": "false",
                            "enable_dns_hostnames": "true",
                            "enable_dns_support": "true",
                            "id": "vpc-08b50a64ea2077cee",
                            "instance_tenancy": "default",
                            "ipv6_association_id": "",
                            "ipv6_cidr_block": "",
                            "main_route_table_id": "rtb-0a4643f2524e6e4ac",
                            "owner_id": "198930388053",
                            "tags.%": "1",
                            "tags.Name": "dms-vpc"
                        },
                        "meta": {
                            "schema_version": "1"
                        },
                        "tainted": false
                    },
                    "deposed": [],
                    "provider": "provider.aws"
                },
                "data.aws_iam_policy_document.dms_assume_role": {
                    "type": "aws_iam_policy_document",
                    "depends_on": [],
                    "primary": {
                        "id": "838930504",
                        "attributes": {
                            "id": "838930504",
                            "json": "{\n  \"Version\": \"2012-10-17\",\n  \"Statement\": [\n    {\n      \"Sid\": \"\",\n      \"Effect\": \"Allow\",\n      \"Action\": \"sts:AssumeRole\",\n      \"Principal\": {\n        \"Service\": \"dms.amazonaws.com\"\n      }\n    }\n  ]\n}",
                            "statement.#": "1",
                            "statement.0.actions.#": "1",
                            "statement.0.actions.2528466339": "sts:AssumeRole",
                            "statement.0.condition.#": "0",
                            "statement.0.effect": "Allow",
                            "statement.0.not_actions.#": "0",
                            "statement.0.not_principals.#": "0",
                            "statement.0.not_resources.#": "0",
                            "statement.0.principals.#": "1",
                            "statement.0.principals.3740592032.identifiers.#": "1",
                            "statement.0.principals.3740592032.identifiers.4152915479": "dms.amazonaws.com",
                            "statement.0.principals.3740592032.type": "Service",
                            "statement.0.resources.#": "0",
                            "statement.0.sid": "",
                            "version": "2012-10-17"
                        },
                        "meta": {},
                        "tainted": false
                    },
                    "deposed": [],
                    "provider": "provider.aws"
                }
            },
            "depends_on": []
        },
        {
            "path": [
                "root",
                "rds"
            ],
            "outputs": {
                "this_db_instance_address": {
                    "sensitive": false,
                    "type": "string",
                    "value": "tjds-dms-rds.cv9j8wfjwsad.us-east-1.rds.amazonaws.com"
                },
                "this_db_instance_arn": {
                    "sensitive": false,
                    "type": "string",
                    "value": "arn:aws:rds:us-east-1:198930388053:db:tjds-dms-rds"
                },
                "this_db_instance_availability_zone": {
                    "sensitive": false,
                    "type": "string",
                    "value": "us-east-1c"
                },
                "this_db_instance_endpoint": {
                    "sensitive": false,
                    "type": "string",
                    "value": "tjds-dms-rds.cv9j8wfjwsad.us-east-1.rds.amazonaws.com:5432"
                },
                "this_db_instance_hosted_zone_id": {
                    "sensitive": false,
                    "type": "string",
                    "value": "Z2R2ITUGPM61AM"
                },
                "this_db_instance_id": {
                    "sensitive": false,
                    "type": "string",
                    "value": "tjds-dms-rds"
                },
                "this_db_instance_name": {
                    "sensitive": false,
                    "type": "string",
                    "value": "tjds"
                },
                "this_db_instance_password": {
                    "sensitive": false,
                    "type": "string",
                    "value": "tjds4242"
                },
                "this_db_instance_port": {
                    "sensitive": false,
                    "type": "string",
                    "value": "5432"
                },
                "this_db_instance_resource_id": {
                    "sensitive": false,
                    "type": "string",
                    "value": "db-DOUG5WAZAOCOMVEC6XUMV45GA4"
                },
                "this_db_instance_status": {
                    "sensitive": false,
                    "type": "string",
                    "value": "available"
                },
                "this_db_instance_username": {
                    "sensitive": false,
                    "type": "string",
                    "value": "tjds"
                },
                "this_db_option_group_arn": {
                    "sensitive": false,
                    "type": "string",
                    "value": ""
                },
                "this_db_option_group_id": {
                    "sensitive": false,
                    "type": "string",
                    "value": ""
                },
                "this_db_parameter_group_arn": {
                    "sensitive": false,
                    "type": "string",
                    "value": "arn:aws:rds:us-east-1:198930388053:pg:tjds-dms-rds-20190712024726947000000001"
                },
                "this_db_parameter_group_id": {
                    "sensitive": false,
                    "type": "string",
                    "value": "tjds-dms-rds-20190712024726947000000001"
                },
                "this_db_subnet_group_arn": {
                    "sensitive": false,
                    "type": "string",
                    "value": "arn:aws:rds:us-east-1:198930388053:subgrp:tjds-dms-rds-20190712024742001600000005"
                },
                "this_db_subnet_group_id": {
                    "sensitive": false,
                    "type": "string",
                    "value": "tjds-dms-rds-20190712024742001600000005"
                }
            },
            "resources": {},
            "depends_on": []
        },
        {
            "path": [
                "root",
                "rds",
                "db_instance"
            ],
            "outputs": {
                "this_db_instance_address": {
                    "sensitive": false,
                    "type": "string",
                    "value": "tjds-dms-rds.cv9j8wfjwsad.us-east-1.rds.amazonaws.com"
                },
                "this_db_instance_arn": {
                    "sensitive": false,
                    "type": "string",
                    "value": "arn:aws:rds:us-east-1:198930388053:db:tjds-dms-rds"
                },
                "this_db_instance_availability_zone": {
                    "sensitive": false,
                    "type": "string",
                    "value": "us-east-1c"
                },
                "this_db_instance_endpoint": {
                    "sensitive": false,
                    "type": "string",
                    "value": "tjds-dms-rds.cv9j8wfjwsad.us-east-1.rds.amazonaws.com:5432"
                },
                "this_db_instance_hosted_zone_id": {
                    "sensitive": false,
                    "type": "string",
                    "value": "Z2R2ITUGPM61AM"
                },
                "this_db_instance_id": {
                    "sensitive": false,
                    "type": "string",
                    "value": "tjds-dms-rds"
                },
                "this_db_instance_name": {
                    "sensitive": false,
                    "type": "string",
                    "value": "tjds"
                },
                "this_db_instance_password": {
                    "sensitive": false,
                    "type": "string",
                    "value": "tjds4242"
                },
                "this_db_instance_port": {
                    "sensitive": false,
                    "type": "string",
                    "value": "5432"
                },
                "this_db_instance_resource_id": {
                    "sensitive": false,
                    "type": "string",
                    "value": "db-DOUG5WAZAOCOMVEC6XUMV45GA4"
                },
                "this_db_instance_status": {
                    "sensitive": false,
                    "type": "string",
                    "value": "available"
                },
                "this_db_instance_username": {
                    "sensitive": false,
                    "type": "string",
                    "value": "tjds"
                }
            },
            "resources": {
                "aws_db_instance.this": {
                    "type": "aws_db_instance",
                    "depends_on": [
                        "aws_iam_role.enhanced_monitoring.*",
                        "local.is_mssql"
                    ],
                    "primary": {
                        "id": "tjds-dms-rds",
                        "attributes": {
                            "address": "tjds-dms-rds.cv9j8wfjwsad.us-east-1.rds.amazonaws.com",
                            "allocated_storage": "100",
                            "allow_major_version_upgrade": "false",
                            "apply_immediately": "false",
                            "arn": "arn:aws:rds:us-east-1:198930388053:db:tjds-dms-rds",
                            "auto_minor_version_upgrade": "true",
                            "availability_zone": "us-east-1c",
                            "backup_retention_period": "1",
                            "backup_window": "05:30-06:30",
                            "ca_cert_identifier": "rds-ca-2015",
                            "copy_tags_to_snapshot": "false",
                            "db_subnet_group_name": "tjds-dms-rds-20190712024742001600000005",
                            "deletion_protection": "false",
                            "domain": "",
                            "domain_iam_role_name": "",
                            "enabled_cloudwatch_logs_exports.#": "0",
                            "endpoint": "tjds-dms-rds.cv9j8wfjwsad.us-east-1.rds.amazonaws.com:5432",
                            "engine": "postgres",
                            "engine_version": "10.4",
                            "final_snapshot_identifier": "0",
                            "hosted_zone_id": "Z2R2ITUGPM61AM",
                            "iam_database_authentication_enabled": "false",
                            "id": "tjds-dms-rds",
                            "identifier": "tjds-dms-rds",
                            "instance_class": "db.t2.micro",
                            "iops": "0",
                            "kms_key_id": "",
                            "license_model": "postgresql-license",
                            "maintenance_window": "thu:03:30-thu:05:30",
                            "monitoring_interval": "0",
                            "multi_az": "false",
                            "name": "tjds",
                            "option_group_name": "default:postgres-10",
                            "parameter_group_name": "tjds-dms-rds-20190712024726947000000001",
                            "password": "tjds4242",
                            "port": "5432",
                            "publicly_accessible": "true",
                            "replicas.#": "0",
                            "replicate_source_db": "",
                            "resource_id": "db-DOUG5WAZAOCOMVEC6XUMV45GA4",
                            "security_group_names.#": "0",
                            "skip_final_snapshot": "true",
                            "status": "available",
                            "storage_encrypted": "false",
                            "storage_type": "gp2",
                            "tags.%": "1",
                            "tags.Name": "tjds-dms-rds",
                            "timezone": "",
                            "username": "tjds",
                            "vpc_security_group_ids.#": "1",
                            "vpc_security_group_ids.885538292": "sg-0881440ca72a75ce0"
                        },
                        "meta": {
                            "e2bfb730-ecaa-11e6-8f88-34363bc7c4c0": {
                                "create": 2400000000000,
                                "delete": 2400000000000,
                                "update": 4800000000000
                            }
                        },
                        "tainted": false
                    },
                    "deposed": [],
                    "provider": "provider.aws"
                }
            },
            "depends_on": []
        },
        {
            "path": [
                "root",
                "rds",
                "db_option_group"
            ],
            "outputs": {
                "this_db_option_group_arn": {
                    "sensitive": false,
                    "type": "string",
                    "value": ""
                },
                "this_db_option_group_id": {
                    "sensitive": false,
                    "type": "string",
                    "value": ""
                }
            },
            "resources": {},
            "depends_on": []
        },
        {
            "path": [
                "root",
                "rds",
                "db_parameter_group"
            ],
            "outputs": {
                "this_db_parameter_group_arn": {
                    "sensitive": false,
                    "type": "string",
                    "value": "arn:aws:rds:us-east-1:198930388053:pg:tjds-dms-rds-20190712024726947000000001"
                },
                "this_db_parameter_group_id": {
                    "sensitive": false,
                    "type": "string",
                    "value": "tjds-dms-rds-20190712024726947000000001"
                }
            },
            "resources": {
                "aws_db_parameter_group.this": {
                    "type": "aws_db_parameter_group",
                    "depends_on": [],
                    "primary": {
                        "id": "tjds-dms-rds-20190712024726947000000001",
                        "attributes": {
                            "arn": "arn:aws:rds:us-east-1:198930388053:pg:tjds-dms-rds-20190712024726947000000001",
                            "description": "Database parameter group for tjds-dms-rds",
                            "family": "postgres10",
                            "id": "tjds-dms-rds-20190712024726947000000001",
                            "name": "tjds-dms-rds-20190712024726947000000001",
                            "name_prefix": "tjds-dms-rds-",
                            "parameter.#": "0",
                            "tags.%": "1",
                            "tags.Name": "tjds-dms-rds"
                        },
                        "meta": {},
                        "tainted": false
                    },
                    "deposed": [],
                    "provider": "provider.aws"
                }
            },
            "depends_on": []
        },
        {
            "path": [
                "root",
                "rds",
                "db_subnet_group"
            ],
            "outputs": {
                "this_db_subnet_group_arn": {
                    "sensitive": false,
                    "type": "string",
                    "value": "arn:aws:rds:us-east-1:198930388053:subgrp:tjds-dms-rds-20190712024742001600000005"
                },
                "this_db_subnet_group_id": {
                    "sensitive": false,
                    "type": "string",
                    "value": "tjds-dms-rds-20190712024742001600000005"
                }
            },
            "resources": {
                "aws_db_subnet_group.this": {
                    "type": "aws_db_subnet_group",
                    "depends_on": [],
                    "primary": {
                        "id": "tjds-dms-rds-20190712024742001600000005",
                        "attributes": {
                            "arn": "arn:aws:rds:us-east-1:198930388053:subgrp:tjds-dms-rds-20190712024742001600000005",
                            "description": "Database subnet group for tjds-dms-rds",
                            "id": "tjds-dms-rds-20190712024742001600000005",
                            "name": "tjds-dms-rds-20190712024742001600000005",
                            "name_prefix": "tjds-dms-rds-",
                            "subnet_ids.#": "3",
                            "subnet_ids.1663866623": "subnet-085b0c0b323517912",
                            "subnet_ids.2203255806": "subnet-066dbed668b49a619",
                            "subnet_ids.3707537234": "subnet-01f95b0788d53ae66",
                            "tags.%": "1",
                            "tags.Name": "tjds-dms-rds"
                        },
                        "meta": {},
                        "tainted": false
                    },
                    "deposed": [],
                    "provider": "provider.aws"
                }
            },
            "depends_on": []
        }
    ]
}
